
Microsoft Visual Studio Solution File, Format Version 12.00
# Visual Studio Version 16
VisualStudioVersion = 16.0.30907.101
MinimumVisualStudioVersion = 10.0.40219.1
Project("{FAE04EC0-301F-11D3-BF4B-00C04F79EFBC}") = "ClassMetotDemo", "ClassMetotDemo.csproj", "{54A0827B-7805-4C9C-83BD-38CC27A57DE9}"
EndProject
Global
	GlobalSection(SolutionConfigurationPlatforms) = preSolution
		Debug|Any CPU = Debug|Any CPU
		Release|Any CPU = Release|Any CPU
	EndGlobalSection
	GlobalSection(ProjectConfigurationPlatforms) = postSolution
		{54A0827B-7805-4C9C-83BD-38CC27A57DE9}.Debug|Any CPU.ActiveCfg = Debug|Any CPU
		{54A0827B-7805-4C9C-83BD-38CC27A57DE9}.Debug|Any CPU.Build.0 = Debug|Any CPU
		{54A0827B-7805-4C9C-83BD-38CC27A57DE9}.Release|Any CPU.ActiveCfg = Release|Any CPU
		{54A0827B-7805-4C9C-83BD-38CC27A57DE9}.Release|Any CPU.Build.0 = Release|Any CPU
	EndGlobalSection
	GlobalSection(SolutionProperties) = preSolution
		HideSolutionNode = FALSE
	EndGlobalSection
	GlobalSection(ExtensibilityGlobals) = postSolution
		SolutionGuid = {B6ACBC52-7086-4A66-969B-27286050EE97}
	EndGlobalSection
EndGlobal
